<?xml version="1.0" encoding="utf-8"?>
<Project ToolsVersion="4.0" xmlns="http://schemas.microsoft.com/developer/msbuild/2003">
  <ItemGroup>
    <Filter Include="Source Files">
      <UniqueIdentifier>{4FC737F1-C7A5-4376-A066-2A32D752A2FF}</UniqueIdentifier>
      <Extensions>cpp;c;cc;cxx;def;odl;idl;hpj;bat;asm;asmx</Extensions>
    </Filter>
    <Filter Include="Header Files">
      <UniqueIdentifier>{93995380-89BD-4b04-88EB-625FBE52EBFB}</UniqueIdentifier>
      <Extensions>h;hh;hpp;hxx;hm;inl;inc;xsd</Extensions>
    </Filter>
    <Filter Include="Resource Files">
      <UniqueIdentifier>{67DA6AB6-F800-4c08-8B7A-83BB121AAD01}</UniqueIdentifier>
      <Extensions>rc;ico;cur;bmp;dlg;rc2;rct;bin;rgs;gif;jpg;jpeg;jpe;resx;tiff;tif;png;wav</Extensions>
    </Filter>
  </ItemGroup>
  <ItemGroup>
    <ClCompile Include="labzavd3_uroven%27b\labzavd3_uroven%27b\labZavd3_uroven%27B.cpp">
      <Filter>Source Files</Filter>
    </ClCompile>
    <ClCompile Include="practicazavd10.1\practicazavd10.1\practicaZavd10.1.cpp">
      <Filter>Source Files</Filter>
    </ClCompile>
    <ClCompile Include="practicazavd5\practicazavd5\practicaZavd5.cpp">
      <Filter>Source Files</Filter>
    </ClCompile>
    <ClCompile Include="practicazavd6\practicazavd6\practicaZavd6.cpp">
      <Filter>Source Files</Filter>
    </ClCompile>
    <ClCompile Include="practicazavd7\practicazavd7\practicaZavd7.cpp">
      <Filter>Source Files</Filter>
    </ClCompile>
    <ClCompile Include="practicazavd8\practicazavd8\practicaZavd8.cpp">
      <Filter>Source Files</Filter>
    </ClCompile>
    <ClCompile Include="practicazavd9\practicazavd9\practicaZavd9.cpp">
      <Filter>Source Files</Filter>
    </ClCompile>
    <ClCompile Include="practicezavd2\practicezavd2\LabZavd2.cpp">
      <Filter>Source Files</Filter>
    </ClCompile>
    <ClCompile Include="practicezavd4\practicezavd4\labZavd4.cpp">
      <Filter>Source Files</Filter>
    </ClCompile>
    <ClCompile Include="praktikazavd1\praktikazavd1\PraktikaZavd1.cpp">
      <Filter>Source Files</Filter>
    </ClCompile>
    <ClCompile Include="praktikazavd1.1\praktikazavd1.1\PraktikaZavd1.1.cpp">
      <Filter>Source Files</Filter>
    </ClCompile>
  </ItemGroup>
</Project>